
Microsoft Visual Studio Solution File, Format Version 12.00
# Visual Studio Version 17
VisualStudioVersion = 17.11.35327.3
MinimumVisualStudioVersion = 10.0.40219.1
Project("{FAE04EC0-301F-11D3-BF4B-00C04F79EFBC}") = "CslAppSendMessageRabbitMQ", "CslAppSendMessageRabbitMQ\CslAppSendMessageRabbitMQ.csproj", "{3AF7C507-E35F-4061-9877-E1A4DFB98F88}"
EndProject
Project("{FAE04EC0-301F-11D3-BF4B-00C04F79EFBC}") = "ShareLibrary", "ShareLibrary\ShareLibrary.csproj", "{7CAA286D-D369-45B1-9EE1-E324AFCCCAE9}"
EndProject
Project("{FAE04EC0-301F-11D3-BF4B-00C04F79EFBC}") = "CslAppReceiveMessageRabbitMQ", "CslAppReceiveMessageRabbitMQ\CslAppReceiveMessageRabbitMQ.csproj", "{10B46F91-01FF-4F10-8DC3-B0C7AAE5EA4D}"
EndProject
Global
	GlobalSection(SolutionConfigurationPlatforms) = preSolution
		Debug|Any CPU = Debug|Any CPU
		Release|Any CPU = Release|Any CPU
	EndGlobalSection
	GlobalSection(ProjectConfigurationPlatforms) = postSolution
		{3AF7C507-E35F-4061-9877-E1A4DFB98F88}.Debug|Any CPU.ActiveCfg = Debug|Any CPU
		{3AF7C507-E35F-4061-9877-E1A4DFB98F88}.Debug|Any CPU.Build.0 = Debug|Any CPU
		{3AF7C507-E35F-4061-9877-E1A4DFB98F88}.Release|Any CPU.ActiveCfg = Release|Any CPU
		{3AF7C507-E35F-4061-9877-E1A4DFB98F88}.Release|Any CPU.Build.0 = Release|Any CPU
		{7CAA286D-D369-45B1-9EE1-E324AFCCCAE9}.Debug|Any CPU.ActiveCfg = Debug|Any CPU
		{7CAA286D-D369-45B1-9EE1-E324AFCCCAE9}.Debug|Any CPU.Build.0 = Debug|Any CPU
		{7CAA286D-D369-45B1-9EE1-E324AFCCCAE9}.Release|Any CPU.ActiveCfg = Release|Any CPU
		{7CAA286D-D369-45B1-9EE1-E324AFCCCAE9}.Release|Any CPU.Build.0 = Release|Any CPU
		{10B46F91-01FF-4F10-8DC3-B0C7AAE5EA4D}.Debug|Any CPU.ActiveCfg = Debug|Any CPU
		{10B46F91-01FF-4F10-8DC3-B0C7AAE5EA4D}.Debug|Any CPU.Build.0 = Debug|Any CPU
		{10B46F91-01FF-4F10-8DC3-B0C7AAE5EA4D}.Release|Any CPU.ActiveCfg = Release|Any CPU
		{10B46F91-01FF-4F10-8DC3-B0C7AAE5EA4D}.Release|Any CPU.Build.0 = Release|Any CPU
	EndGlobalSection
	GlobalSection(SolutionProperties) = preSolution
		HideSolutionNode = FALSE
	EndGlobalSection
	GlobalSection(ExtensibilityGlobals) = postSolution
		SolutionGuid = {B479A274-DD9D-4747-A9F2-3375385B215B}
	EndGlobalSection
EndGlobal
